// !$*UTF8*$!
{
	archiveVersion = 1;
	classes = {
	};
	objectVersion = 46;
	objects = {

/* Begin PBXBuildFile section */
		AC2004EF1E0D69AE005FE898 /* SDL_ttf.framework in Frameworks */ = {isa = PBXBuildFile; fileRef = AC2004EE1E0D69AE005FE898 /* SDL_ttf.framework */; };
		AC39F6F81DFDE7E600177E89 /* main.c in Sources */ = {isa = PBXBuildFile; fileRef = AC39F6F71DFDE7E600177E89 /* main.c */; };
		AC39F6FF1DFDED7E00177E89 /* SDL.framework in Frameworks */ = {isa = PBXBuildFile; fileRef = AC39F6FE1DFDED7E00177E89 /* SDL.framework */; };
		AC39F7021DFDED8A00177E89 /* SDLMain.m in Sources */ = {isa = PBXBuildFile; fileRef = AC39F7011DFDED8A00177E89 /* SDLMain.m */; settings = {COMPILER_FLAGS = "-w"; }; };
		AC39F70A1DFDEEFA00177E89 /* Snake.c in Sources */ = {isa = PBXBuildFile; fileRef = AC39F7081DFDEEFA00177E89 /* Snake.c */; };
		AC7C19F31E0BDFA7008EC33E /* input_output.c in Sources */ = {isa = PBXBuildFile; fileRef = AC7C19F11E0BDFA7008EC33E /* input_output.c */; };
		AC842CA51DFEC65C006B2C16 /* gui.c in Sources */ = {isa = PBXBuildFile; fileRef = AC842CA41DFEC65C006B2C16 /* gui.c */; };
		AC842CA81DFEC6CD006B2C16 /* grid.c in Sources */ = {isa = PBXBuildFile; fileRef = AC842CA61DFEC6CD006B2C16 /* grid.c */; };
		AC842CAB1DFEC6F1006B2C16 /* game.c in Sources */ = {isa = PBXBuildFile; fileRef = AC842CAA1DFEC6F1006B2C16 /* game.c */; };
/* End PBXBuildFile section */

/* Begin PBXCopyFilesBuildPhase section */
		AC39F6F21DFDE7E600177E89 /* CopyFiles */ = {
			isa = PBXCopyFilesBuildPhase;
			buildActionMask = 2147483647;
			dstPath = /usr/share/man/man1/;
			dstSubfolderSpec = 0;
			files = (
			);
			runOnlyForDeploymentPostprocessing = 1;
		};
/* End PBXCopyFilesBuildPhase section */

/* Begin PBXFileReference section */
		AC2004EE1E0D69AE005FE898 /* SDL_ttf.framework */ = {isa = PBXFileReference; lastKnownFileType = wrapper.framework; name = SDL_ttf.framework; path = ../../../../../../../Library/Frameworks/SDL_ttf.framework; sourceTree = "<group>"; };
		AC39F6F41DFDE7E600177E89 /* Snake */ = {isa = PBXFileReference; explicitFileType = "compiled.mach-o.executable"; includeInIndex = 0; path = Snake; sourceTree = BUILT_PRODUCTS_DIR; };
		AC39F6F71DFDE7E600177E89 /* main.c */ = {isa = PBXFileReference; lastKnownFileType = sourcecode.c.c; path = main.c; sourceTree = "<group>"; };
		AC39F6FE1DFDED7E00177E89 /* SDL.framework */ = {isa = PBXFileReference; lastKnownFileType = wrapper.framework; path = SDL.framework; sourceTree = "<group>"; };
		AC39F7001DFDED8A00177E89 /* SDLMain.h */ = {isa = PBXFileReference; fileEncoding = 4; lastKnownFileType = sourcecode.c.h; path = SDLMain.h; sourceTree = "<group>"; };
		AC39F7011DFDED8A00177E89 /* SDLMain.m */ = {isa = PBXFileReference; fileEncoding = 4; lastKnownFileType = sourcecode.c.objc; path = SDLMain.m; sourceTree = "<group>"; };
		AC39F7081DFDEEFA00177E89 /* Snake.c */ = {isa = PBXFileReference; fileEncoding = 4; lastKnownFileType = sourcecode.c.c; path = Snake.c; sourceTree = "<group>"; };
		AC39F7091DFDEEFA00177E89 /* Snake.h */ = {isa = PBXFileReference; fileEncoding = 4; lastKnownFileType = sourcecode.c.h; path = Snake.h; sourceTree = "<group>"; };
		AC39F7111DFE253800177E89 /* Cocoa.framework */ = {isa = PBXFileReference; lastKnownFileType = wrapper.framework; name = Cocoa.framework; path = System/Library/Frameworks/Cocoa.framework; sourceTree = SDKROOT; };
		AC39F7161DFE2BC300177E89 /* Images */ = {isa = PBXFileReference; lastKnownFileType = folder; path = Images; sourceTree = "<group>"; };
		AC7C19F11E0BDFA7008EC33E /* input_output.c */ = {isa = PBXFileReference; fileEncoding = 4; lastKnownFileType = sourcecode.c.c; path = input_output.c; sourceTree = "<group>"; };
		AC7C19F21E0BDFA7008EC33E /* input_output.h */ = {isa = PBXFileReference; fileEncoding = 4; lastKnownFileType = sourcecode.c.h; path = input_output.h; sourceTree = "<group>"; };
		AC7C19F91E0BF2F0008EC33E /* SDL_ttf.h */ = {isa = PBXFileReference; lastKnownFileType = sourcecode.c.h; path = SDL_ttf.h; sourceTree = "<group>"; };
		AC842CA31DFEC65C006B2C16 /* gui.h */ = {isa = PBXFileReference; fileEncoding = 4; lastKnownFileType = sourcecode.c.h; path = gui.h; sourceTree = "<group>"; };
		AC842CA41DFEC65C006B2C16 /* gui.c */ = {isa = PBXFileReference; fileEncoding = 4; lastKnownFileType = sourcecode.c.c; path = gui.c; sourceTree = "<group>"; };
		AC842CA61DFEC6CD006B2C16 /* grid.c */ = {isa = PBXFileReference; fileEncoding = 4; lastKnownFileType = sourcecode.c.c; path = grid.c; sourceTree = "<group>"; };
		AC842CA71DFEC6CD006B2C16 /* grid.h */ = {isa = PBXFileReference; fileEncoding = 4; lastKnownFileType = sourcecode.c.h; path = grid.h; sourceTree = "<group>"; };
		AC842CA91DFEC6F1006B2C16 /* game.h */ = {isa = PBXFileReference; fileEncoding = 4; lastKnownFileType = sourcecode.c.h; path = game.h; sourceTree = "<group>"; };
		AC842CAA1DFEC6F1006B2C16 /* game.c */ = {isa = PBXFileReference; fileEncoding = 4; lastKnownFileType = sourcecode.c.c; path = game.c; sourceTree = "<group>"; };
/* End PBXFileReference section */

/* Begin PBXFrameworksBuildPhase section */
		AC39F6F11DFDE7E600177E89 /* Frameworks */ = {
			isa = PBXFrameworksBuildPhase;
			buildActionMask = 2147483647;
			files = (
				AC2004EF1E0D69AE005FE898 /* SDL_ttf.framework in Frameworks */,
				AC39F6FF1DFDED7E00177E89 /* SDL.framework in Frameworks */,
			);
			runOnlyForDeploymentPostprocessing = 0;
		};
/* End PBXFrameworksBuildPhase section */

/* Begin PBXGroup section */
		AC39F6EB1DFDE7E600177E89 = {
			isa = PBXGroup;
			children = (
				AC39F6F61DFDE7E600177E89 /* Snake */,
				AC39F6F51DFDE7E600177E89 /* Products */,
				AC39F7101DFE253800177E89 /* Frameworks */,
			);
			sourceTree = "<group>";
		};
		AC39F6F51DFDE7E600177E89 /* Products */ = {
			isa = PBXGroup;
			children = (
				AC39F6F41DFDE7E600177E89 /* Snake */,
			);
			name = Products;
			sourceTree = "<group>";
		};
		AC39F6F61DFDE7E600177E89 /* Snake */ = {
			isa = PBXGroup;
			children = (
				AC39F7161DFE2BC300177E89 /* Images */,
				AC39F7061DFDEE1100177E89 /* Sourcefiles */,
				AC39F7071DFDEE1D00177E89 /* Headerfiles */,
			);
			path = Snake;
			sourceTree = "<group>";
		};
		AC39F7061DFDEE1100177E89 /* Sourcefiles */ = {
			isa = PBXGroup;
			children = (
				AC39F6F71DFDE7E600177E89 /* main.c */,
				AC7C19F11E0BDFA7008EC33E /* input_output.c */,
				AC842CAA1DFEC6F1006B2C16 /* game.c */,
				AC39F7081DFDEEFA00177E89 /* Snake.c */,
				AC842CA41DFEC65C006B2C16 /* gui.c */,
				AC842CA61DFEC6CD006B2C16 /* grid.c */,
			);
			name = Sourcefiles;
			sourceTree = "<group>";
		};
		AC39F7071DFDEE1D00177E89 /* Headerfiles */ = {
			isa = PBXGroup;
			children = (
				AC39F7001DFDED8A00177E89 /* SDLMain.h */,
				AC842CA71DFEC6CD006B2C16 /* grid.h */,
				AC842CA31DFEC65C006B2C16 /* gui.h */,
				AC7C19F91E0BF2F0008EC33E /* SDL_ttf.h */,
				AC39F7011DFDED8A00177E89 /* SDLMain.m */,
				AC842CA91DFEC6F1006B2C16 /* game.h */,
				AC39F7091DFDEEFA00177E89 /* Snake.h */,
				AC7C19F21E0BDFA7008EC33E /* input_output.h */,
			);
			name = Headerfiles;
			sourceTree = "<group>";
		};
		AC39F7101DFE253800177E89 /* Frameworks */ = {
			isa = PBXGroup;
			children = (
				AC2004EE1E0D69AE005FE898 /* SDL_ttf.framework */,
				AC39F6FE1DFDED7E00177E89 /* SDL.framework */,
				AC39F7111DFE253800177E89 /* Cocoa.framework */,
			);
			name = Frameworks;
			sourceTree = "<group>";
		};
/* End PBXGroup section */

/* Begin PBXNativeTarget section */
		AC39F6F31DFDE7E600177E89 /* Snake */ = {
			isa = PBXNativeTarget;
			buildConfigurationList = AC39F6FB1DFDE7E600177E89 /* Build configuration list for PBXNativeTarget "Snake" */;
			buildPhases = (
				AC39F6F01DFDE7E600177E89 /* Sources */,
				AC39F6F11DFDE7E600177E89 /* Frameworks */,
				AC39F6F21DFDE7E600177E89 /* CopyFiles */,
			);
			buildRules = (
			);
			dependencies = (
			);
			name = Snake;
			productName = Snake;
			productReference = AC39F6F41DFDE7E600177E89 /* Snake */;
			productType = "com.apple.product-type.tool";
		};
/* End PBXNativeTarget section */

/* Begin PBXProject section */
		AC39F6EC1DFDE7E600177E89 /* Project object */ = {
			isa = PBXProject;
			attributes = {
				LastUpgradeCheck = 0820;
				ORGANIZATIONNAME = "Alexandre Kahn";
				TargetAttributes = {
					AC39F6F31DFDE7E600177E89 = {
						CreatedOnToolsVersion = 8.1;
						DevelopmentTeam = 4HJ4L68H4E;
						ProvisioningStyle = Automatic;
					};
				};
			};
			buildConfigurationList = AC39F6EF1DFDE7E600177E89 /* Build configuration list for PBXProject "Snake" */;
			compatibilityVersion = "Xcode 3.2";
			developmentRegion = English;
			hasScannedForEncodings = 0;
			knownRegions = (
				en,
			);
			mainGroup = AC39F6EB1DFDE7E600177E89;
			productRefGroup = AC39F6F51DFDE7E600177E89 /* Products */;
			projectDirPath = "";
			projectRoot = "";
			targets = (
				AC39F6F31DFDE7E600177E89 /* Snake */,
			);
		};
/* End PBXProject section */

/* Begin PBXSourcesBuildPhase section */
		AC39F6F01DFDE7E600177E89 /* Sources */ = {
			isa = PBXSourcesBuildPhase;
			buildActionMask = 2147483647;
			files = (
				AC39F7021DFDED8A00177E89 /* SDLMain.m in Sources */,
				AC39F70A1DFDEEFA00177E89 /* Snake.c in Sources */,
				AC842CA51DFEC65C006B2C16 /* gui.c in Sources */,
				AC842CAB1DFEC6F1006B2C16 /* game.c in Sources */,
				AC39F6F81DFDE7E600177E89 /* main.c in Sources */,
				AC7C19F31E0BDFA7008EC33E /* input_output.c in Sources */,
				AC842CA81DFEC6CD006B2C16 /* grid.c in Sources */,
			);
			runOnlyForDeploymentPostprocessing = 0;
		};
/* End PBXSourcesBuildPhase section */

/* Begin XCBuildConfiguration section */
		AC39F6F91DFDE7E600177E89 /* Debug */ = {
			isa = XCBuildConfiguration;
			buildSettings = {
				ALWAYS_SEARCH_USER_PATHS = NO;
				CLANG_ANALYZER_NONNULL = YES;
				CLANG_CXX_LANGUAGE_STANDARD = "gnu++0x";
				CLANG_CXX_LIBRARY = "libc++";
				CLANG_ENABLE_MODULES = YES;
				CLANG_ENABLE_OBJC_ARC = YES;
				CLANG_WARN_BOOL_CONVERSION = YES;
				CLANG_WARN_CONSTANT_CONVERSION = YES;
				CLANG_WARN_DIRECT_OBJC_ISA_USAGE = YES_ERROR;
				CLANG_WARN_DOCUMENTATION_COMMENTS = YES;
				CLANG_WARN_EMPTY_BODY = YES;
				CLANG_WARN_ENUM_CONVERSION = YES;
				CLANG_WARN_INFINITE_RECURSION = YES;
				CLANG_WARN_INT_CONVERSION = YES;
				CLANG_WARN_OBJC_ROOT_CLASS = YES_ERROR;
				CLANG_WARN_SUSPICIOUS_MOVE = YES;
				CLANG_WARN_SUSPICIOUS_MOVES = YES;
				CLANG_WARN_UNREACHABLE_CODE = YES;
				CLANG_WARN__DUPLICATE_METHOD_MATCH = YES;
				CODE_SIGN_IDENTITY = "-";
				COPY_PHASE_STRIP = NO;
				DEBUG_INFORMATION_FORMAT = dwarf;
				ENABLE_STRICT_OBJC_MSGSEND = YES;
				ENABLE_TESTABILITY = YES;
				GCC_C_LANGUAGE_STANDARD = gnu99;
				GCC_DYNAMIC_NO_PIC = NO;
				GCC_NO_COMMON_BLOCKS = YES;
				GCC_OPTIMIZATION_LEVEL = 0;
				GCC_PREPROCESSOR_DEFINITIONS = (
					"DEBUG=1",
					"$(inherited)",
				);
				GCC_WARN_64_TO_32_BIT_CONVERSION = YES;
				GCC_WARN_ABOUT_RETURN_TYPE = YES_ERROR;
				GCC_WARN_UNDECLARED_SELECTOR = YES;
				GCC_WARN_UNINITIALIZED_AUTOS = YES_AGGRESSIVE;
				GCC_WARN_UNUSED_FUNCTION = YES;
				GCC_WARN_UNUSED_VARIABLE = YES;
				MACOSX_DEPLOYMENT_TARGET = 10.12;
				MTL_ENABLE_DEBUG_INFO = YES;
				ONLY_ACTIVE_ARCH = YES;
				SDKROOT = macosx;
			};
			name = Debug;
		};
		AC39F6FA1DFDE7E600177E89 /* Release */ = {
			isa = XCBuildConfiguration;
			buildSettings = {
				ALWAYS_SEARCH_USER_PATHS = NO;
				CLANG_ANALYZER_NONNULL = YES;
				CLANG_CXX_LANGUAGE_STANDARD = "gnu++0x";
				CLANG_CXX_LIBRARY = "libc++";
				CLANG_ENABLE_MODULES = YES;
				CLANG_ENABLE_OBJC_ARC = YES;
				CLANG_WARN_BOOL_CONVERSION = YES;
				CLANG_WARN_CONSTANT_CONVERSION = YES;
				CLANG_WARN_DIRECT_OBJC_ISA_USAGE = YES_ERROR;
				CLANG_WARN_DOCUMENTATION_COMMENTS = YES;
				CLANG_WARN_EMPTY_BODY = YES;
				CLANG_WARN_ENUM_CONVERSION = YES;
				CLANG_WARN_INFINITE_RECURSION = YES;
				CLANG_WARN_INT_CONVERSION = YES;
				CLANG_WARN_OBJC_ROOT_CLASS = YES_ERROR;
				CLANG_WARN_SUSPICIOUS_MOVE = YES;
				CLANG_WARN_SUSPICIOUS_MOVES = YES;
				CLANG_WARN_UNREACHABLE_CODE = YES;
				CLANG_WARN__DUPLICATE_METHOD_MATCH = YES;
				CODE_SIGN_IDENTITY = "-";
				COPY_PHASE_STRIP = NO;
				DEBUG_INFORMATION_FORMAT = "dwarf-with-dsym";
				ENABLE_NS_ASSERTIONS = NO;
				ENABLE_STRICT_OBJC_MSGSEND = YES;
				GCC_C_LANGUAGE_STANDARD = gnu99;
				GCC_NO_COMMON_BLOCKS = YES;
				GCC_WARN_64_TO_32_BIT_CONVERSION = YES;
				GCC_WARN_ABOUT_RETURN_TYPE = YES_ERROR;
				GCC_WARN_UNDECLARED_SELECTOR = YES;
				GCC_WARN_UNINITIALIZED_AUTOS = YES_AGGRESSIVE;
				GCC_WARN_UNUSED_FUNCTION = YES;
				GCC_WARN_UNUSED_VARIABLE = YES;
				MACOSX_DEPLOYMENT_TARGET = 10.12;
				MTL_ENABLE_DEBUG_INFO = NO;
				SDKROOT = macosx;
			};
			name = Release;
		};
		AC39F6FC1DFDE7E600177E89 /* Debug */ = {
			isa = XCBuildConfiguration;
			buildSettings = {
				CLANG_ENABLE_OBJC_ARC = NO;
				DEVELOPMENT_TEAM = 4HJ4L68H4E;
				FRAMEWORK_SEARCH_PATHS = (
					"$(inherited)",
					"$(PROJECT_DIR)",
					"$(LOCAL_LIBRARY_DIR)/Frameworks",
				);
				GCC_VERSION = "";
				LIBRARY_SEARCH_PATHS = /Users/alexandre/Dropbox/CW/Structuur2/Snake;
				PRODUCT_NAME = "$(TARGET_NAME)";
			};
			name = Debug;
		};
		AC39F6FD1DFDE7E600177E89 /* Release */ = {
			isa = XCBuildConfiguration;
			buildSettings = {
				CLANG_ENABLE_OBJC_ARC = NO;
				DEVELOPMENT_TEAM = 4HJ4L68H4E;
				FRAMEWORK_SEARCH_PATHS = (
					"$(inherited)",
					"$(PROJECT_DIR)",
					"$(LOCAL_LIBRARY_DIR)/Frameworks",
				);
				GCC_VERSION = "";
				LIBRARY_SEARCH_PATHS = /Users/alexandre/Dropbox/CW/Structuur2/Snake;
				PRODUCT_NAME = "$(TARGET_NAME)";
			};
			name = Release;
		};
/* End XCBuildConfiguration section */

/* Begin XCConfigurationList section */
		AC39F6EF1DFDE7E600177E89 /* Build configuration list for PBXProject "Snake" */ = {
			isa = XCConfigurationList;
			buildConfigurations = (
				AC39F6F91DFDE7E600177E89 /* Debug */,
				AC39F6FA1DFDE7E600177E89 /* Release */,
			);
			defaultConfigurationIsVisible = 0;
			defaultConfigurationName = Release;
		};
		AC39F6FB1DFDE7E600177E89 /* Build configuration list for PBXNativeTarget "Snake" */ = {
			isa = XCConfigurationList;
			buildConfigurations = (
				AC39F6FC1DFDE7E600177E89 /* Debug */,
				AC39F6FD1DFDE7E600177E89 /* Release */,
			);
			defaultConfigurationIsVisible = 0;
			defaultConfigurationName = Release;
		};
/* End XCConfigurationList section */
	};
	rootObject = AC39F6EC1DFDE7E600177E89 /* Project object */;
}
